{
  "lockfileVersion": 2,
  "configVersion": 1,
  "workspaces": {
    "": {
      "name": "use-narrator",
      "dependencies": {
        "use-audio-queue": "workspace:*",
      },
      "peerDependencies": {
        "react": "^19.3.0",
      },
      "optionalPeers": [
        "react",
      ],
    },
    "packages/use-audio-queue": {
      "name": "use-audio-queue",
      "version": "0.1.0",
      "peerDependencies": {
        "react": "latest",
      },
      "optionalPeers": [
        "react",
      ],
    },
  },
  "packages": {
    "use-audio-queue": ["use-audio-queue@workspace:packages/use-audio-queue"],
  }
}
